
Microsoft Visual Studio Solution File, Format Version 12.00
# Visual Studio 15
VisualStudioVersion = 15.0.26430.6
MinimumVisualStudioVersion = 10.0.40219.1
Project("{888888A0-9F3D-457C-B088-3A5042F75D52}") = "VideoProcessingWeb", "VideoProcessingWeb\VideoProcessingWeb.pyproj", "{5421DA14-5884-4AAB-890B-AEFDFFBF676E}"
EndProject
Global
	GlobalSection(SolutionConfigurationPlatforms) = preSolution
		Debug|Any CPU = Debug|Any CPU
		Release|Any CPU = Release|Any CPU
	EndGlobalSection
	GlobalSection(ProjectConfigurationPlatforms) = postSolution
		{5421DA14-5884-4AAB-890B-AEFDFFBF676E}.Debug|Any CPU.ActiveCfg = Debug|Any CPU
		{5421DA14-5884-4AAB-890B-AEFDFFBF676E}.Debug|Any CPU.Build.0 = Debug|Any CPU
		{5421DA14-5884-4AAB-890B-AEFDFFBF676E}.Release|Any CPU.ActiveCfg = Release|Any CPU
		{5421DA14-5884-4AAB-890B-AEFDFFBF676E}.Release|Any CPU.Build.0 = Release|Any CPU
	EndGlobalSection
	GlobalSection(SolutionProperties) = preSolution
		HideSolutionNode = FALSE
	EndGlobalSection
EndGlobal
